
Microsoft Visual Studio Solution File, Format Version 12.00
# Visual Studio 2017
Project("{FAE04EC0-301F-11D3-BF4B-00C04F79EFBC}") = "Contentstack.Core.Tests", "Contentstack.Core.Tests.csproj", "{22144CA9-AC9C-4AE1-8D61-C57CCADFE29C}"
EndProject
Global
	GlobalSection(SolutionConfigurationPlatforms) = preSolution
		Debug|Any CPU = Debug|Any CPU
		Release|Any CPU = Release|Any CPU
	EndGlobalSection
	GlobalSection(ProjectConfigurationPlatforms) = postSolution
		{22144CA9-AC9C-4AE1-8D61-C57CCADFE29C}.Debug|Any CPU.ActiveCfg = Debug|Any CPU
		{22144CA9-AC9C-4AE1-8D61-C57CCADFE29C}.Debug|Any CPU.Build.0 = Debug|Any CPU
		{22144CA9-AC9C-4AE1-8D61-C57CCADFE29C}.Release|Any CPU.ActiveCfg = Release|Any CPU
		{22144CA9-AC9C-4AE1-8D61-C57CCADFE29C}.Release|Any CPU.Build.0 = Release|Any CPU
	EndGlobalSection
EndGlobal
